
Microsoft Visual Studio Solution File, Format Version 12.00
# Visual Studio Version 17
VisualStudioVersion = 17.9.34728.123
MinimumVisualStudioVersion = 10.0.40219.1
Project("{FAE04EC0-301F-11D3-BF4B-00C04F79EFBC}") = "mvcActividad_1", "mvcActividad_1.csproj", "{3F837379-B28F-4F6C-BBAA-65149FF9AA9A}"
EndProject
Global
	GlobalSection(SolutionConfigurationPlatforms) = preSolution
		Debug|Any CPU = Debug|Any CPU
		Release|Any CPU = Release|Any CPU
	EndGlobalSection
	GlobalSection(ProjectConfigurationPlatforms) = postSolution
		{3F837379-B28F-4F6C-BBAA-65149FF9AA9A}.Debug|Any CPU.ActiveCfg = Debug|Any CPU
		{3F837379-B28F-4F6C-BBAA-65149FF9AA9A}.Debug|Any CPU.Build.0 = Debug|Any CPU
		{3F837379-B28F-4F6C-BBAA-65149FF9AA9A}.Release|Any CPU.ActiveCfg = Release|Any CPU
		{3F837379-B28F-4F6C-BBAA-65149FF9AA9A}.Release|Any CPU.Build.0 = Release|Any CPU
	EndGlobalSection
	GlobalSection(SolutionProperties) = preSolution
		HideSolutionNode = FALSE
	EndGlobalSection
	GlobalSection(ExtensibilityGlobals) = postSolution
		SolutionGuid = {C8226531-038E-4100-A5E6-F2EE93D9AEBB}
	EndGlobalSection
EndGlobal
